
Microsoft Visual Studio Solution File, Format Version 12.00
# Visual Studio Version 16
VisualStudioVersion = 16.0.33529.622
MinimumVisualStudioVersion = 10.0.40219.1
Project("{F184B08F-C81C-45F6-A57F-5ABD9991F28F}") = "Pragati", "Pragati.vbproj", "{180CE327-6687-4D9F-A7D5-AD23ABA3A089}"
EndProject
Global
	GlobalSection(SolutionConfigurationPlatforms) = preSolution
		Debug|Any CPU = Debug|Any CPU
		Release|Any CPU = Release|Any CPU
	EndGlobalSection
	GlobalSection(ProjectConfigurationPlatforms) = postSolution
		{180CE327-6687-4D9F-A7D5-AD23ABA3A089}.Debug|Any CPU.ActiveCfg = Debug|Any CPU
		{180CE327-6687-4D9F-A7D5-AD23ABA3A089}.Debug|Any CPU.Build.0 = Debug|Any CPU
		{180CE327-6687-4D9F-A7D5-AD23ABA3A089}.Release|Any CPU.ActiveCfg = Release|Any CPU
		{180CE327-6687-4D9F-A7D5-AD23ABA3A089}.Release|Any CPU.Build.0 = Release|Any CPU
	EndGlobalSection
	GlobalSection(SolutionProperties) = preSolution
		HideSolutionNode = FALSE
	EndGlobalSection
	GlobalSection(ExtensibilityGlobals) = postSolution
		SolutionGuid = {9883B6EE-DEFA-4BD9-B8E0-26D55E81E0DA}
	EndGlobalSection
EndGlobal
